
Microsoft Visual Studio Solution File, Format Version 12.00
# Visual Studio 15
VisualStudioVersion = 15.0.28307.645
MinimumVisualStudioVersion = 10.0.40219.1
Project("{FAE04EC0-301F-11D3-BF4B-00C04F79EFBC}") = "MuseumGuide.API", "MuseumGuide.API\MuseumGuide.API.csproj", "{E2ABC182-A0BE-4675-812D-0F0880066C8E}"
EndProject
Project("{FAE04EC0-301F-11D3-BF4B-00C04F79EFBC}") = "MuseumGuide.Entity", "MuseumGuide.Entity\MuseumGuide.Entity.csproj", "{9D753481-BF12-4B6E-8649-ABCCA9E68C9F}"
EndProject
Project("{FAE04EC0-301F-11D3-BF4B-00C04F79EFBC}") = "MuseumGuide.Data", "MuseumGuide.Data\MuseumGuide.Data.csproj", "{A778F431-5775-4417-9B4D-6A91BDB19230}"
EndProject
Project("{2150E333-8FDC-42A3-9474-1A3956D46DE8}") = "Solution Items", "Solution Items", "{2C418896-F5C3-48BB-BC45-E3D40823066E}"
	ProjectSection(SolutionItems) = preProject
		ReadMe.txt = ReadMe.txt
	EndProjectSection
EndProject
Project("{FAE04EC0-301F-11D3-BF4B-00C04F79EFBC}") = "MuseumGuide.DTO", "MuseumGuide.DTO\MuseumGuide.DTO.csproj", "{0AADF77F-54C6-4726-89C1-F8CD9F640C8E}"
EndProject
Project("{FAE04EC0-301F-11D3-BF4B-00C04F79EFBC}") = "MuseumGuide.Helper", "MuseumGuide.Helper\MuseumGuide.Helper.csproj", "{90AC91D0-A3D0-4554-868B-1B0EEB187595}"
EndProject
Global
	GlobalSection(SolutionConfigurationPlatforms) = preSolution
		Debug|Any CPU = Debug|Any CPU
		Release|Any CPU = Release|Any CPU
	EndGlobalSection
	GlobalSection(ProjectConfigurationPlatforms) = postSolution
		{E2ABC182-A0BE-4675-812D-0F0880066C8E}.Debug|Any CPU.ActiveCfg = Debug|Any CPU
		{E2ABC182-A0BE-4675-812D-0F0880066C8E}.Debug|Any CPU.Build.0 = Debug|Any CPU
		{E2ABC182-A0BE-4675-812D-0F0880066C8E}.Release|Any CPU.ActiveCfg = Release|Any CPU
		{E2ABC182-A0BE-4675-812D-0F0880066C8E}.Release|Any CPU.Build.0 = Release|Any CPU
		{9D753481-BF12-4B6E-8649-ABCCA9E68C9F}.Debug|Any CPU.ActiveCfg = Debug|Any CPU
		{9D753481-BF12-4B6E-8649-ABCCA9E68C9F}.Debug|Any CPU.Build.0 = Debug|Any CPU
		{9D753481-BF12-4B6E-8649-ABCCA9E68C9F}.Release|Any CPU.ActiveCfg = Release|Any CPU
		{9D753481-BF12-4B6E-8649-ABCCA9E68C9F}.Release|Any CPU.Build.0 = Release|Any CPU
		{A778F431-5775-4417-9B4D-6A91BDB19230}.Debug|Any CPU.ActiveCfg = Debug|Any CPU
		{A778F431-5775-4417-9B4D-6A91BDB19230}.Debug|Any CPU.Build.0 = Debug|Any CPU
		{A778F431-5775-4417-9B4D-6A91BDB19230}.Release|Any CPU.ActiveCfg = Release|Any CPU
		{A778F431-5775-4417-9B4D-6A91BDB19230}.Release|Any CPU.Build.0 = Release|Any CPU
		{0AADF77F-54C6-4726-89C1-F8CD9F640C8E}.Debug|Any CPU.ActiveCfg = Debug|Any CPU
		{0AADF77F-54C6-4726-89C1-F8CD9F640C8E}.Debug|Any CPU.Build.0 = Debug|Any CPU
		{0AADF77F-54C6-4726-89C1-F8CD9F640C8E}.Release|Any CPU.ActiveCfg = Release|Any CPU
		{0AADF77F-54C6-4726-89C1-F8CD9F640C8E}.Release|Any CPU.Build.0 = Release|Any CPU
		{90AC91D0-A3D0-4554-868B-1B0EEB187595}.Debug|Any CPU.ActiveCfg = Debug|Any CPU
		{90AC91D0-A3D0-4554-868B-1B0EEB187595}.Debug|Any CPU.Build.0 = Debug|Any CPU
		{90AC91D0-A3D0-4554-868B-1B0EEB187595}.Release|Any CPU.ActiveCfg = Release|Any CPU
		{90AC91D0-A3D0-4554-868B-1B0EEB187595}.Release|Any CPU.Build.0 = Release|Any CPU
	EndGlobalSection
	GlobalSection(SolutionProperties) = preSolution
		HideSolutionNode = FALSE
	EndGlobalSection
	GlobalSection(ExtensibilityGlobals) = postSolution
		SolutionGuid = {9214F3A7-F2C2-4746-BD6F-06FF9AD0DD4E}
	EndGlobalSection
EndGlobal
